// !$*UTF8*$!
{
	archiveVersion = 1;
	classes = {
	};
	objectVersion = 46;
	objects = {

/* Begin PBXBuildFile section */
		50E750261B5A00FD00CEE628 /* AppDelegate.swift in Sources */ = {isa = PBXBuildFile; fileRef = 50E750251B5A00FD00CEE628 /* AppDelegate.swift */; };
		50E7502D1B5A00FD00CEE628 /* Images.xcassets in Resources */ = {isa = PBXBuildFile; fileRef = 50E7502C1B5A00FD00CEE628 /* Images.xcassets */; };
		50E750301B5A00FD00CEE628 /* LaunchScreen.xib in Resources */ = {isa = PBXBuildFile; fileRef = 50E7502E1B5A00FD00CEE628 /* LaunchScreen.xib */; };
		50E7503C1B5A00FD00CEE628 /* AroundTests.swift in Sources */ = {isa = PBXBuildFile; fileRef = 50E7503B1B5A00FD00CEE628 /* AroundTests.swift */; };
		50E750481B5A088700CEE628 /* StartController.swift in Sources */ = {isa = PBXBuildFile; fileRef = 50E750471B5A088700CEE628 /* StartController.swift */; };
		50E7504C1B5A090800CEE628 /* StartController.xib in Resources */ = {isa = PBXBuildFile; fileRef = 50E7504B1B5A090800CEE628 /* StartController.xib */; };
		50E7504E1B5A09F100CEE628 /* CreateTaskController.swift in Sources */ = {isa = PBXBuildFile; fileRef = 50E7504D1B5A09F100CEE628 /* CreateTaskController.swift */; };
		50E750501B5A0A1100CEE628 /* CreateTaskController.xib in Resources */ = {isa = PBXBuildFile; fileRef = 50E7504F1B5A0A1100CEE628 /* CreateTaskController.xib */; };
		50E750521B5A0A2500CEE628 /* ListTaskController.swift in Sources */ = {isa = PBXBuildFile; fileRef = 50E750511B5A0A2500CEE628 /* ListTaskController.swift */; };
		50E750541B5A0A5700CEE628 /* ListTaskController.xib in Resources */ = {isa = PBXBuildFile; fileRef = 50E750531B5A0A5700CEE628 /* ListTaskController.xib */; };
		50E750561B5A0A7700CEE628 /* DoTaskController.swift in Sources */ = {isa = PBXBuildFile; fileRef = 50E750551B5A0A7700CEE628 /* DoTaskController.swift */; };
		50E750581B5A0AC300CEE628 /* DoTaskController.xib in Resources */ = {isa = PBXBuildFile; fileRef = 50E750571B5A0AC300CEE628 /* DoTaskController.xib */; };
/* End PBXBuildFile section */

/* Begin PBXContainerItemProxy section */
		50E750361B5A00FD00CEE628 /* PBXContainerItemProxy */ = {
			isa = PBXContainerItemProxy;
			containerPortal = 50E750181B5A00FD00CEE628 /* Project object */;
			proxyType = 1;
			remoteGlobalIDString = 50E7501F1B5A00FD00CEE628;
			remoteInfo = Around;
		};
/* End PBXContainerItemProxy section */

/* Begin PBXFileReference section */
		50E750201B5A00FD00CEE628 /* Around.app */ = {isa = PBXFileReference; explicitFileType = wrapper.application; includeInIndex = 0; path = Around.app; sourceTree = BUILT_PRODUCTS_DIR; };
		50E750241B5A00FD00CEE628 /* Info.plist */ = {isa = PBXFileReference; lastKnownFileType = text.plist.xml; path = Info.plist; sourceTree = "<group>"; };
		50E750251B5A00FD00CEE628 /* AppDelegate.swift */ = {isa = PBXFileReference; lastKnownFileType = sourcecode.swift; path = AppDelegate.swift; sourceTree = "<group>"; };
		50E7502C1B5A00FD00CEE628 /* Images.xcassets */ = {isa = PBXFileReference; lastKnownFileType = folder.assetcatalog; path = Images.xcassets; sourceTree = "<group>"; };
		50E7502F1B5A00FD00CEE628 /* Base */ = {isa = PBXFileReference; lastKnownFileType = file.xib; name = Base; path = Base.lproj/LaunchScreen.xib; sourceTree = "<group>"; };
		50E750351B5A00FD00CEE628 /* AroundTests.xctest */ = {isa = PBXFileReference; explicitFileType = wrapper.cfbundle; includeInIndex = 0; path = AroundTests.xctest; sourceTree = BUILT_PRODUCTS_DIR; };
		50E7503A1B5A00FD00CEE628 /* Info.plist */ = {isa = PBXFileReference; lastKnownFileType = text.plist.xml; path = Info.plist; sourceTree = "<group>"; };
		50E7503B1B5A00FD00CEE628 /* AroundTests.swift */ = {isa = PBXFileReference; lastKnownFileType = sourcecode.swift; path = AroundTests.swift; sourceTree = "<group>"; };
		50E750471B5A088700CEE628 /* StartController.swift */ = {isa = PBXFileReference; fileEncoding = 4; lastKnownFileType = sourcecode.swift; path = StartController.swift; sourceTree = "<group>"; };
		50E7504B1B5A090800CEE628 /* StartController.xib */ = {isa = PBXFileReference; fileEncoding = 4; lastKnownFileType = file.xib; path = StartController.xib; sourceTree = "<group>"; };
		50E7504D1B5A09F100CEE628 /* CreateTaskController.swift */ = {isa = PBXFileReference; fileEncoding = 4; lastKnownFileType = sourcecode.swift; path = CreateTaskController.swift; sourceTree = "<group>"; };
		50E7504F1B5A0A1100CEE628 /* CreateTaskController.xib */ = {isa = PBXFileReference; fileEncoding = 4; lastKnownFileType = file.xib; path = CreateTaskController.xib; sourceTree = "<group>"; };
		50E750511B5A0A2500CEE628 /* ListTaskController.swift */ = {isa = PBXFileReference; fileEncoding = 4; lastKnownFileType = sourcecode.swift; path = ListTaskController.swift; sourceTree = "<group>"; };
		50E750531B5A0A5700CEE628 /* ListTaskController.xib */ = {isa = PBXFileReference; fileEncoding = 4; lastKnownFileType = file.xib; path = ListTaskController.xib; sourceTree = "<group>"; };
		50E750551B5A0A7700CEE628 /* DoTaskController.swift */ = {isa = PBXFileReference; fileEncoding = 4; lastKnownFileType = sourcecode.swift; path = DoTaskController.swift; sourceTree = "<group>"; };
		50E750571B5A0AC300CEE628 /* DoTaskController.xib */ = {isa = PBXFileReference; fileEncoding = 4; lastKnownFileType = file.xib; path = DoTaskController.xib; sourceTree = "<group>"; };
/* End PBXFileReference section */

/* Begin PBXFrameworksBuildPhase section */
		50E7501D1B5A00FD00CEE628 /* Frameworks */ = {
			isa = PBXFrameworksBuildPhase;
			buildActionMask = 2147483647;
			files = (
			);
			runOnlyForDeploymentPostprocessing = 0;
		};
		50E750321B5A00FD00CEE628 /* Frameworks */ = {
			isa = PBXFrameworksBuildPhase;
			buildActionMask = 2147483647;
			files = (
			);
			runOnlyForDeploymentPostprocessing = 0;
		};
/* End PBXFrameworksBuildPhase section */

/* Begin PBXGroup section */
		50E750171B5A00FD00CEE628 = {
			isa = PBXGroup;
			children = (
				50E750221B5A00FD00CEE628 /* Around */,
				50E750381B5A00FD00CEE628 /* AroundTests */,
				50E750211B5A00FD00CEE628 /* Products */,
			);
			sourceTree = "<group>";
		};
		50E750211B5A00FD00CEE628 /* Products */ = {
			isa = PBXGroup;
			children = (
				50E750201B5A00FD00CEE628 /* Around.app */,
				50E750351B5A00FD00CEE628 /* AroundTests.xctest */,
			);
			name = Products;
			sourceTree = "<group>";
		};
		50E750221B5A00FD00CEE628 /* Around */ = {
			isa = PBXGroup;
			children = (
				50E750251B5A00FD00CEE628 /* AppDelegate.swift */,
				50E7502C1B5A00FD00CEE628 /* Images.xcassets */,
				50E7502E1B5A00FD00CEE628 /* LaunchScreen.xib */,
				50E750231B5A00FD00CEE628 /* Supporting Files */,
				50E750471B5A088700CEE628 /* StartController.swift */,
				50E7504B1B5A090800CEE628 /* StartController.xib */,
				50E7504D1B5A09F100CEE628 /* CreateTaskController.swift */,
				50E7504F1B5A0A1100CEE628 /* CreateTaskController.xib */,
				50E750511B5A0A2500CEE628 /* ListTaskController.swift */,
				50E750531B5A0A5700CEE628 /* ListTaskController.xib */,
				50E750551B5A0A7700CEE628 /* DoTaskController.swift */,
				50E750571B5A0AC300CEE628 /* DoTaskController.xib */,
			);
			path = Around;
			sourceTree = "<group>";
		};
		50E750231B5A00FD00CEE628 /* Supporting Files */ = {
			isa = PBXGroup;
			children = (
				50E750241B5A00FD00CEE628 /* Info.plist */,
			);
			name = "Supporting Files";
			sourceTree = "<group>";
		};
		50E750381B5A00FD00CEE628 /* AroundTests */ = {
			isa = PBXGroup;
			children = (
				50E7503B1B5A00FD00CEE628 /* AroundTests.swift */,
				50E750391B5A00FD00CEE628 /* Supporting Files */,
			);
			path = AroundTests;
			sourceTree = "<group>";
		};
		50E750391B5A00FD00CEE628 /* Supporting Files */ = {
			isa = PBXGroup;
			children = (
				50E7503A1B5A00FD00CEE628 /* Info.plist */,
			);
			name = "Supporting Files";
			sourceTree = "<group>";
		};
/* End PBXGroup section */

/* Begin PBXNativeTarget section */
		50E7501F1B5A00FD00CEE628 /* Around */ = {
			isa = PBXNativeTarget;
			buildConfigurationList = 50E7503F1B5A00FD00CEE628 /* Build configuration list for PBXNativeTarget "Around" */;
			buildPhases = (
				50E7501C1B5A00FD00CEE628 /* Sources */,
				50E7501D1B5A00FD00CEE628 /* Frameworks */,
				50E7501E1B5A00FD00CEE628 /* Resources */,
			);
			buildRules = (
			);
			dependencies = (
			);
			name = Around;
			productName = Around;
			productReference = 50E750201B5A00FD00CEE628 /* Around.app */;
			productType = "com.apple.product-type.application";
		};
		50E750341B5A00FD00CEE628 /* AroundTests */ = {
			isa = PBXNativeTarget;
			buildConfigurationList = 50E750421B5A00FD00CEE628 /* Build configuration list for PBXNativeTarget "AroundTests" */;
			buildPhases = (
				50E750311B5A00FD00CEE628 /* Sources */,
				50E750321B5A00FD00CEE628 /* Frameworks */,
				50E750331B5A00FD00CEE628 /* Resources */,
			);
			buildRules = (
			);
			dependencies = (
				50E750371B5A00FD00CEE628 /* PBXTargetDependency */,
			);
			name = AroundTests;
			productName = AroundTests;
			productReference = 50E750351B5A00FD00CEE628 /* AroundTests.xctest */;
			productType = "com.apple.product-type.bundle.unit-test";
		};
/* End PBXNativeTarget section */

/* Begin PBXProject section */
		50E750181B5A00FD00CEE628 /* Project object */ = {
			isa = PBXProject;
			attributes = {
				LastUpgradeCheck = 0640;
				ORGANIZATIONNAME = "Abby He";
				TargetAttributes = {
					50E7501F1B5A00FD00CEE628 = {
						CreatedOnToolsVersion = 6.4;
					};
					50E750341B5A00FD00CEE628 = {
						CreatedOnToolsVersion = 6.4;
						TestTargetID = 50E7501F1B5A00FD00CEE628;
					};
				};
			};
			buildConfigurationList = 50E7501B1B5A00FD00CEE628 /* Build configuration list for PBXProject "Around" */;
			compatibilityVersion = "Xcode 3.2";
			developmentRegion = English;
			hasScannedForEncodings = 0;
			knownRegions = (
				en,
				Base,
			);
			mainGroup = 50E750171B5A00FD00CEE628;
			productRefGroup = 50E750211B5A00FD00CEE628 /* Products */;
			projectDirPath = "";
			projectRoot = "";
			targets = (
				50E7501F1B5A00FD00CEE628 /* Around */,
				50E750341B5A00FD00CEE628 /* AroundTests */,
			);
		};
/* End PBXProject section */

/* Begin PBXResourcesBuildPhase section */
		50E7501E1B5A00FD00CEE628 /* Resources */ = {
			isa = PBXResourcesBuildPhase;
			buildActionMask = 2147483647;
			files = (
				50E750501B5A0A1100CEE628 /* CreateTaskController.xib in Resources */,
				50E750301B5A00FD00CEE628 /* LaunchScreen.xib in Resources */,
				50E750541B5A0A5700CEE628 /* ListTaskController.xib in Resources */,
				50E7502D1B5A00FD00CEE628 /* Images.xcassets in Resources */,
				50E7504C1B5A090800CEE628 /* StartController.xib in Resources */,
				50E750581B5A0AC300CEE628 /* DoTaskController.xib in Resources */,
			);
			runOnlyForDeploymentPostprocessing = 0;
		};
		50E750331B5A00FD00CEE628 /* Resources */ = {
			isa = PBXResourcesBuildPhase;
			buildActionMask = 2147483647;
			files = (
			);
			runOnlyForDeploymentPostprocessing = 0;
		};
/* End PBXResourcesBuildPhase section */

/* Begin PBXSourcesBuildPhase section */
		50E7501C1B5A00FD00CEE628 /* Sources */ = {
			isa = PBXSourcesBuildPhase;
			buildActionMask = 2147483647;
			files = (
				50E7504E1B5A09F100CEE628 /* CreateTaskController.swift in Sources */,
				50E750481B5A088700CEE628 /* StartController.swift in Sources */,
				50E750561B5A0A7700CEE628 /* DoTaskController.swift in Sources */,
				50E750521B5A0A2500CEE628 /* ListTaskController.swift in Sources */,
				50E750261B5A00FD00CEE628 /* AppDelegate.swift in Sources */,
			);
			runOnlyForDeploymentPostprocessing = 0;
		};
		50E750311B5A00FD00CEE628 /* Sources */ = {
			isa = PBXSourcesBuildPhase;
			buildActionMask = 2147483647;
			files = (
				50E7503C1B5A00FD00CEE628 /* AroundTests.swift in Sources */,
			);
			runOnlyForDeploymentPostprocessing = 0;
		};
/* End PBXSourcesBuildPhase section */

/* Begin PBXTargetDependency section */
		50E750371B5A00FD00CEE628 /* PBXTargetDependency */ = {
			isa = PBXTargetDependency;
			target = 50E7501F1B5A00FD00CEE628 /* Around */;
			targetProxy = 50E750361B5A00FD00CEE628 /* PBXContainerItemProxy */;
		};
/* End PBXTargetDependency section */

/* Begin PBXVariantGroup section */
		50E7502E1B5A00FD00CEE628 /* LaunchScreen.xib */ = {
			isa = PBXVariantGroup;
			children = (
				50E7502F1B5A00FD00CEE628 /* Base */,
			);
			name = LaunchScreen.xib;
			sourceTree = "<group>";
		};
/* End PBXVariantGroup section */

/* Begin XCBuildConfiguration section */
		50E7503D1B5A00FD00CEE628 /* Debug */ = {
			isa = XCBuildConfiguration;
			buildSettings = {
				ALWAYS_SEARCH_USER_PATHS = NO;
				CLANG_CXX_LANGUAGE_STANDARD = "gnu++0x";
				CLANG_CXX_LIBRARY = "libc++";
				CLANG_ENABLE_MODULES = YES;
				CLANG_ENABLE_OBJC_ARC = YES;
				CLANG_WARN_BOOL_CONVERSION = YES;
				CLANG_WARN_CONSTANT_CONVERSION = YES;
				CLANG_WARN_DIRECT_OBJC_ISA_USAGE = YES_ERROR;
				CLANG_WARN_EMPTY_BODY = YES;
				CLANG_WARN_ENUM_CONVERSION = YES;
				CLANG_WARN_INT_CONVERSION = YES;
				CLANG_WARN_OBJC_ROOT_CLASS = YES_ERROR;
				CLANG_WARN_UNREACHABLE_CODE = YES;
				CLANG_WARN__DUPLICATE_METHOD_MATCH = YES;
				"CODE_SIGN_IDENTITY[sdk=iphoneos*]" = "iPhone Developer";
				COPY_PHASE_STRIP = NO;
				DEBUG_INFORMATION_FORMAT = "dwarf-with-dsym";
				ENABLE_STRICT_OBJC_MSGSEND = YES;
				GCC_C_LANGUAGE_STANDARD = gnu99;
				GCC_DYNAMIC_NO_PIC = NO;
				GCC_NO_COMMON_BLOCKS = YES;
				GCC_OPTIMIZATION_LEVEL = 0;
				GCC_PREPROCESSOR_DEFINITIONS = (
					"DEBUG=1",
					"$(inherited)",
				);
				GCC_SYMBOLS_PRIVATE_EXTERN = NO;
				GCC_WARN_64_TO_32_BIT_CONVERSION = YES;
				GCC_WARN_ABOUT_RETURN_TYPE = YES_ERROR;
				GCC_WARN_UNDECLARED_SELECTOR = YES;
				GCC_WARN_UNINITIALIZED_AUTOS = YES_AGGRESSIVE;
				GCC_WARN_UNUSED_FUNCTION = YES;
				GCC_WARN_UNUSED_VARIABLE = YES;
				IPHONEOS_DEPLOYMENT_TARGET = 8.4;
				MTL_ENABLE_DEBUG_INFO = YES;
				ONLY_ACTIVE_ARCH = YES;
				SDKROOT = iphoneos;
				SWIFT_OPTIMIZATION_LEVEL = "-Onone";
			};
			name = Debug;
		};
		50E7503E1B5A00FD00CEE628 /* Release */ = {
			isa = XCBuildConfiguration;
			buildSettings = {
				ALWAYS_SEARCH_USER_PATHS = NO;
				CLANG_CXX_LANGUAGE_STANDARD = "gnu++0x";
				CLANG_CXX_LIBRARY = "libc++";
				CLANG_ENABLE_MODULES = YES;
				CLANG_ENABLE_OBJC_ARC = YES;
				CLANG_WARN_BOOL_CONVERSION = YES;
				CLANG_WARN_CONSTANT_CONVERSION = YES;
				CLANG_WARN_DIRECT_OBJC_ISA_USAGE = YES_ERROR;
				CLANG_WARN_EMPTY_BODY = YES;
				CLANG_WARN_ENUM_CONVERSION = YES;
				CLANG_WARN_INT_CONVERSION = YES;
				CLANG_WARN_OBJC_ROOT_CLASS = YES_ERROR;
				CLANG_WARN_UNREACHABLE_CODE = YES;
				CLANG_WARN__DUPLICATE_METHOD_MATCH = YES;
				"CODE_SIGN_IDENTITY[sdk=iphoneos*]" = "iPhone Developer";
				COPY_PHASE_STRIP = NO;
				DEBUG_INFORMATION_FORMAT = "dwarf-with-dsym";
				ENABLE_NS_ASSERTIONS = NO;
				ENABLE_STRICT_OBJC_MSGSEND = YES;
				GCC_C_LANGUAGE_STANDARD = gnu99;
				GCC_NO_COMMON_BLOCKS = YES;
				GCC_WARN_64_TO_32_BIT_CONVERSION = YES;
				GCC_WARN_ABOUT_RETURN_TYPE = YES_ERROR;
				GCC_WARN_UNDECLARED_SELECTOR = YES;
				GCC_WARN_UNINITIALIZED_AUTOS = YES_AGGRESSIVE;
				GCC_WARN_UNUSED_FUNCTION = YES;
				GCC_WARN_UNUSED_VARIABLE = YES;
				IPHONEOS_DEPLOYMENT_TARGET = 8.4;
				MTL_ENABLE_DEBUG_INFO = NO;
				SDKROOT = iphoneos;
				VALIDATE_PRODUCT = YES;
			};
			name = Release;
		};
		50E750401B5A00FD00CEE628 /* Debug */ = {
			isa = XCBuildConfiguration;
			buildSettings = {
				ASSETCATALOG_COMPILER_APPICON_NAME = AppIcon;
				INFOPLIST_FILE = Around/Info.plist;
				LD_RUNPATH_SEARCH_PATHS = "$(inherited) @executable_path/Frameworks";
				PRODUCT_NAME = "$(TARGET_NAME)";
			};
			name = Debug;
		};
		50E750411B5A00FD00CEE628 /* Release */ = {
			isa = XCBuildConfiguration;
			buildSettings = {
				ASSETCATALOG_COMPILER_APPICON_NAME = AppIcon;
				INFOPLIST_FILE = Around/Info.plist;
				LD_RUNPATH_SEARCH_PATHS = "$(inherited) @executable_path/Frameworks";
				PRODUCT_NAME = "$(TARGET_NAME)";
			};
			name = Release;
		};
		50E750431B5A00FD00CEE628 /* Debug */ = {
			isa = XCBuildConfiguration;
			buildSettings = {
				BUNDLE_LOADER = "$(TEST_HOST)";
				FRAMEWORK_SEARCH_PATHS = (
					"$(SDKROOT)/Developer/Library/Frameworks",
					"$(inherited)",
				);
				GCC_PREPROCESSOR_DEFINITIONS = (
					"DEBUG=1",
					"$(inherited)",
				);
				INFOPLIST_FILE = AroundTests/Info.plist;
				LD_RUNPATH_SEARCH_PATHS = "$(inherited) @executable_path/Frameworks @loader_path/Frameworks";
				PRODUCT_NAME = "$(TARGET_NAME)";
				TEST_HOST = "$(BUILT_PRODUCTS_DIR)/Around.app/Around";
			};
			name = Debug;
		};
		50E750441B5A00FD00CEE628 /* Release */ = {
			isa = XCBuildConfiguration;
			buildSettings = {
				BUNDLE_LOADER = "$(TEST_HOST)";
				FRAMEWORK_SEARCH_PATHS = (
					"$(SDKROOT)/Developer/Library/Frameworks",
					"$(inherited)",
				);
				INFOPLIST_FILE = AroundTests/Info.plist;
				LD_RUNPATH_SEARCH_PATHS = "$(inherited) @executable_path/Frameworks @loader_path/Frameworks";
				PRODUCT_NAME = "$(TARGET_NAME)";
				TEST_HOST = "$(BUILT_PRODUCTS_DIR)/Around.app/Around";
			};
			name = Release;
		};
/* End XCBuildConfiguration section */

/* Begin XCConfigurationList section */
		50E7501B1B5A00FD00CEE628 /* Build configuration list for PBXProject "Around" */ = {
			isa = XCConfigurationList;
			buildConfigurations = (
				50E7503D1B5A00FD00CEE628 /* Debug */,
				50E7503E1B5A00FD00CEE628 /* Release */,
			);
			defaultConfigurationIsVisible = 0;
			defaultConfigurationName = Release;
		};
		50E7503F1B5A00FD00CEE628 /* Build configuration list for PBXNativeTarget "Around" */ = {
			isa = XCConfigurationList;
			buildConfigurations = (
				50E750401B5A00FD00CEE628 /* Debug */,
				50E750411B5A00FD00CEE628 /* Release */,
			);
			defaultConfigurationIsVisible = 0;
		};
		50E750421B5A00FD00CEE628 /* Build configuration list for PBXNativeTarget "AroundTests" */ = {
			isa = XCConfigurationList;
			buildConfigurations = (
				50E750431B5A00FD00CEE628 /* Debug */,
				50E750441B5A00FD00CEE628 /* Release */,
			);
			defaultConfigurationIsVisible = 0;
		};
/* End XCConfigurationList section */
	};
	rootObject = 50E750181B5A00FD00CEE628 /* Project object */;
}
